
Microsoft Visual Studio Solution File, Format Version 12.00
# Visual Studio Version 16
VisualStudioVersion = 16.0.31424.327
MinimumVisualStudioVersion = 10.0.40219.1
Project("{FAE04EC0-301F-11D3-BF4B-00C04F79EFBC}") = "eTicket-Demo", "eTicket-Demo.csproj", "{48ED5BAA-8C7B-412D-83DF-0ACEBE3ED57B}"
EndProject
Global
	GlobalSection(SolutionConfigurationPlatforms) = preSolution
		Debug|Any CPU = Debug|Any CPU
		Release|Any CPU = Release|Any CPU
	EndGlobalSection
	GlobalSection(ProjectConfigurationPlatforms) = postSolution
		{48ED5BAA-8C7B-412D-83DF-0ACEBE3ED57B}.Debug|Any CPU.ActiveCfg = Debug|Any CPU
		{48ED5BAA-8C7B-412D-83DF-0ACEBE3ED57B}.Debug|Any CPU.Build.0 = Debug|Any CPU
		{48ED5BAA-8C7B-412D-83DF-0ACEBE3ED57B}.Release|Any CPU.ActiveCfg = Release|Any CPU
		{48ED5BAA-8C7B-412D-83DF-0ACEBE3ED57B}.Release|Any CPU.Build.0 = Release|Any CPU
	EndGlobalSection
	GlobalSection(SolutionProperties) = preSolution
		HideSolutionNode = FALSE
	EndGlobalSection
	GlobalSection(ExtensibilityGlobals) = postSolution
		SolutionGuid = {6EB9C582-9904-4C40-9A1B-D775F5CA96B7}
	EndGlobalSection
EndGlobal
